
Microsoft Visual Studio Solution File, Format Version 12.00
# Visual Studio Version 17
VisualStudioVersion = 17.0.31912.275
MinimumVisualStudioVersion = 10.0.40219.1
Project("{2150E333-8FDC-42A3-9474-1A3956D46DE8}") = "Services", "Services", "{EF0742F7-2CD2-46C6-AA58-E2E473F8A0FC}"
EndProject
Project("{2150E333-8FDC-42A3-9474-1A3956D46DE8}") = "Catalog", "Catalog", "{67172100-EB43-4830-8313-2FAD874C08B2}"
EndProject
Project("{FAE04EC0-301F-11D3-BF4B-00C04F79EFBC}") = "Catalog.API", "Services\Catalog\Catalog.API\Catalog.API.csproj", "{3A7D4928-094A-485C-A802-D70E95083107}"
EndProject
Global
	GlobalSection(SolutionConfigurationPlatforms) = preSolution
		Debug|Any CPU = Debug|Any CPU
		Release|Any CPU = Release|Any CPU
	EndGlobalSection
	GlobalSection(ProjectConfigurationPlatforms) = postSolution
		{3A7D4928-094A-485C-A802-D70E95083107}.Debug|Any CPU.ActiveCfg = Debug|Any CPU
		{3A7D4928-094A-485C-A802-D70E95083107}.Debug|Any CPU.Build.0 = Debug|Any CPU
		{3A7D4928-094A-485C-A802-D70E95083107}.Release|Any CPU.ActiveCfg = Release|Any CPU
		{3A7D4928-094A-485C-A802-D70E95083107}.Release|Any CPU.Build.0 = Release|Any CPU
	EndGlobalSection
	GlobalSection(SolutionProperties) = preSolution
		HideSolutionNode = FALSE
	EndGlobalSection
	GlobalSection(NestedProjects) = preSolution
		{67172100-EB43-4830-8313-2FAD874C08B2} = {EF0742F7-2CD2-46C6-AA58-E2E473F8A0FC}
		{3A7D4928-094A-485C-A802-D70E95083107} = {67172100-EB43-4830-8313-2FAD874C08B2}
	EndGlobalSection
	GlobalSection(ExtensibilityGlobals) = postSolution
		SolutionGuid = {350E5ABE-90FB-4B56-AF3D-E5C418AB5EC5}
	EndGlobalSection
EndGlobal
